Microsoft Visual Studio Solution File, Format Version 11.00
# Visual Studio 2008

Project("{91010131-8275-914A-9F14-1D4E255BF8C8}") = "Park", "Assembly-CSharp.csproj", "{0A30302C-F355-F024-B166-876CF0106586}"
EndProject
Global
	GlobalSection(SolutionConfigurationPlatforms) = preSolution
		Debug|Any CPU = Debug|Any CPU
		Release|Any CPU = Release|Any CPU
	EndGlobalSection
	GlobalSection(ProjectConfigurationPlatforms) = postSolution
		{0A30302C-F355-F024-B166-876CF0106586}.Debug|Any CPU.ActiveCfg = Debug|Any CPU
		{0A30302C-F355-F024-B166-876CF0106586}.Debug|Any CPU.Build.0 = Debug|Any CPU
		{0A30302C-F355-F024-B166-876CF0106586}.Release|Any CPU.ActiveCfg = Release|Any CPU
		{0A30302C-F355-F024-B166-876CF0106586}.Release|Any CPU.Build.0 = Release|Any CPU
	EndGlobalSection
	GlobalSection(SolutionProperties) = preSolution
		HideSolutionNode = FALSE
	EndGlobalSection
	GlobalSection(MonoDevelopProperties) = preSolution
		StartupItem = Assembly-CSharp.csproj
	EndGlobalSection
EndGlobal
